
Microsoft Visual Studio Solution File, Format Version 12.00
# Visual Studio Version 17
VisualStudioVersion = 17.4.33103.184
MinimumVisualStudioVersion = 10.0.40219.1
Project("{FAE04EC0-301F-11D3-BF4B-00C04F79EFBC}") = "ProyectoFinal.Server", "ProyectoFinal\Server\ProyectoFinal.Server.csproj", "{ED555A19-56C6-4E1D-B29A-31D4DA21B1E3}"
EndProject
Project("{FAE04EC0-301F-11D3-BF4B-00C04F79EFBC}") = "ProyectoFinal.Client", "ProyectoFinal\Client\ProyectoFinal.Client.csproj", "{6BBAD7E3-6A61-466F-A656-3F57A6476DEB}"
EndProject
Project("{FAE04EC0-301F-11D3-BF4B-00C04F79EFBC}") = "ProyectoFinal.Shared", "ProyectoFinal\Shared\ProyectoFinal.Shared.csproj", "{F10011FA-1E1A-44CF-AA84-5203D28181C7}"
EndProject
Global
	GlobalSection(SolutionConfigurationPlatforms) = preSolution
		Debug|Any CPU = Debug|Any CPU
		Release|Any CPU = Release|Any CPU
	EndGlobalSection
	GlobalSection(ProjectConfigurationPlatforms) = postSolution
		{ED555A19-56C6-4E1D-B29A-31D4DA21B1E3}.Debug|Any CPU.ActiveCfg = Debug|Any CPU
		{ED555A19-56C6-4E1D-B29A-31D4DA21B1E3}.Debug|Any CPU.Build.0 = Debug|Any CPU
		{ED555A19-56C6-4E1D-B29A-31D4DA21B1E3}.Release|Any CPU.ActiveCfg = Release|Any CPU
		{ED555A19-56C6-4E1D-B29A-31D4DA21B1E3}.Release|Any CPU.Build.0 = Release|Any CPU
		{6BBAD7E3-6A61-466F-A656-3F57A6476DEB}.Debug|Any CPU.ActiveCfg = Debug|Any CPU
		{6BBAD7E3-6A61-466F-A656-3F57A6476DEB}.Debug|Any CPU.Build.0 = Debug|Any CPU
		{6BBAD7E3-6A61-466F-A656-3F57A6476DEB}.Release|Any CPU.ActiveCfg = Release|Any CPU
		{6BBAD7E3-6A61-466F-A656-3F57A6476DEB}.Release|Any CPU.Build.0 = Release|Any CPU
		{F10011FA-1E1A-44CF-AA84-5203D28181C7}.Debug|Any CPU.ActiveCfg = Debug|Any CPU
		{F10011FA-1E1A-44CF-AA84-5203D28181C7}.Debug|Any CPU.Build.0 = Debug|Any CPU
		{F10011FA-1E1A-44CF-AA84-5203D28181C7}.Release|Any CPU.ActiveCfg = Release|Any CPU
		{F10011FA-1E1A-44CF-AA84-5203D28181C7}.Release|Any CPU.Build.0 = Release|Any CPU
	EndGlobalSection
	GlobalSection(SolutionProperties) = preSolution
		HideSolutionNode = FALSE
	EndGlobalSection
	GlobalSection(ExtensibilityGlobals) = postSolution
		SolutionGuid = {B32F9553-ED44-46CC-84DE-BC29AAEB779B}
	EndGlobalSection
EndGlobal
